
Microsoft Visual Studio Solution File, Format Version 12.00
# Visual Studio Version 17
VisualStudioVersion = 17.7.34024.191
MinimumVisualStudioVersion = 10.0.40219.1
Project("{FAE04EC0-301F-11D3-BF4B-00C04F79EFBC}") = "AdventOfCode2023", "AdventOfCode2023\AdventOfCode2023.csproj", "{9169E766-8932-4918-AB4D-772B1516C4D8}"
EndProject
Global
	GlobalSection(SolutionConfigurationPlatforms) = preSolution
		Debug|Any CPU = Debug|Any CPU
		Release|Any CPU = Release|Any CPU
	EndGlobalSection
	GlobalSection(ProjectConfigurationPlatforms) = postSolution
		{9169E766-8932-4918-AB4D-772B1516C4D8}.Debug|Any CPU.ActiveCfg = Debug|Any CPU
		{9169E766-8932-4918-AB4D-772B1516C4D8}.Debug|Any CPU.Build.0 = Debug|Any CPU
		{9169E766-8932-4918-AB4D-772B1516C4D8}.Release|Any CPU.ActiveCfg = Release|Any CPU
		{9169E766-8932-4918-AB4D-772B1516C4D8}.Release|Any CPU.Build.0 = Release|Any CPU
	EndGlobalSection
	GlobalSection(SolutionProperties) = preSolution
		HideSolutionNode = FALSE
	EndGlobalSection
	GlobalSection(ExtensibilityGlobals) = postSolution
		SolutionGuid = {28364BFA-5206-4182-9BA7-4A5652B0039C}
	EndGlobalSection
EndGlobal
